
Microsoft Visual Studio Solution File, Format Version 12.00
# Visual Studio Version 16
VisualStudioVersion = 16.0.28803.352
MinimumVisualStudioVersion = 10.0.40219.1
Project("{FAE04EC0-301F-11D3-BF4B-00C04F79EFBC}") = "WPF_MVVM_FCAMUSO", "WPF_MVVM_FCAMUSO\WPF_MVVM_FCAMUSO.csproj", "{496A556B-421A-45BA-BCD7-3581FEC280E3}"
EndProject
Global
	GlobalSection(SolutionConfigurationPlatforms) = preSolution
		Debug|Any CPU = Debug|Any CPU
		Release|Any CPU = Release|Any CPU
	EndGlobalSection
	GlobalSection(ProjectConfigurationPlatforms) = postSolution
		{496A556B-421A-45BA-BCD7-3581FEC280E3}.Debug|Any CPU.ActiveCfg = Debug|Any CPU
		{496A556B-421A-45BA-BCD7-3581FEC280E3}.Debug|Any CPU.Build.0 = Debug|Any CPU
		{496A556B-421A-45BA-BCD7-3581FEC280E3}.Release|Any CPU.ActiveCfg = Release|Any CPU
		{496A556B-421A-45BA-BCD7-3581FEC280E3}.Release|Any CPU.Build.0 = Release|Any CPU
	EndGlobalSection
	GlobalSection(SolutionProperties) = preSolution
		HideSolutionNode = FALSE
	EndGlobalSection
	GlobalSection(ExtensibilityGlobals) = postSolution
		SolutionGuid = {E16C1E4E-86F2-4D35-95A3-4FBC5DC88E63}
	EndGlobalSection
EndGlobal
